github.com/apache/thrift v0.12.0 h1:ymFY8b00T66exzV1OxAnIA8mawFjPyH6l0wjuv8zTxY=
github.com/apache/thrift v0.12.0/go.mod h1:cp2SuWMxlEZw2r+iP2GNCdIi4C1qmUzdZFSVb+bacwQ=
github.com/containerd/fifo v0.0.0-20190116003659-650d79218351 h1:NzoLACuxZuEdoTFUvtOCw+Bqfe3OH5bu4HuxhirQhvs=
github.com/containerd/fifo v0.0.0-20190116003659-650d79218351/go.mod h1:ODA38xgv3Kuk8dQz2ZQXpnv/UZZUHUCL7pnLehbXgQI=
github.com/pkg/errors v0.8.1 h1:iURUrRGxPUNPdy5/HRSm+Yj6okJ6UtLINN0Q9M4+h3I=
github.com/pkg/errors v0.8.1/go.mod h1:bwawxfHBFNV+L2hUp1rHADufV3IMtnDRdf1r5NINEl0=
