github.com/apache/thrift v0.13.0 h1:5hryIiq9gtn+MiLVn0wP37kb/uTeRZgN08WoCsAhIhI=
github.com/apache/thrift v0.13.0/go.mod h1:cp2SuWMxlEZw2r+iP2GNCdIi4C1qmUzdZFSVb+bacwQ=
github.com/davecgh/go-spew v1.1.1 h1:vj9j/u1bqnvCEfJOwUhtlOARqs3+rkHYY13jYWTU97c=
github.com/davecgh/go-spew v1.1.1/go.mod h1:J7Y8YcW2NihsgmVo/mv3lAwl/skON4iLHjSsI+c5H38=
github.com/fsnotify/fsnotify v1.4.7 h1:IXs+QLmnXW2CcXuY+8Mzv/fWEsPGWxqefPtCP5CnV9I=
github.com/fsnotify/fsnotify v1.4.7/go.mod h1:jwhsz4b93w/PPRr/qN1Yymfu8t87LnFCMoQvtojpjFo=
github.com/go-chassis/foundation v0.0.0-20190203091418-304855ea28bf h1:rlQbXssCc3hmdvj4oCMT25UuEwvoON6hlt/+cXRmP/4=
github.com/go-chassis/foundation v0.0.0-20190203091418-304855ea28bf/go.mod h1:21/ajGtgJlWTCeM0TxGJdRhO8bJkKirWyV8Stlh6g6c=
github.com/go-chassis/go-archaius v0.13.0 h1:IroCTHJg+P2/XZqd+Ow9dGD2vuOoTKeJUP9AOBdMBMw=
github.com/go-chassis/go-archaius v0.13.0/go.mod h1:UhiejC6lvJL6N/H2Wp1os08CnDQmYShR+A+/Zd7CHYM=
github.com/go-chassis/go-cc-client v0.5.0 h1:RuBop74xwkODYCkU2nSUq/wbY8VR441uCc7POr17qjw=
github.com/go-chassis/go-cc-client v0.5.0/go.mod h1:6P5JmlcKZBlAVebxGgfGnKlsZ3UKLfO2VfyhJ1nO82c=
github.com/go-mesh/openlogging v0.0.0-20181205082104-3d418c478b2d h1:+VE9C5tSxrqdmUl3Ebnzqfkb8VBSS0w1ZllsABQNOP8=
github.com/go-mesh/openlogging v0.0.0-20181205082104-3d418c478b2d/go.mod h1:qaKi+amO+hsGin2q1GmW+/NcbZpMPnTufwrWzDmIuuU=
github.com/gorilla/websocket v1.4.0 h1:WDFjx/TMzVgy9VdMMQi2K2Emtwi2QcUQsztZ/zLaH/Q=
github.com/gorilla/websocket v1.4.0/go.mod h1:E7qHFY5m1UJ88s3WnNqhKjPHQ0heANvMoAMk2YaljkQ=
github.com/openzipkin-contrib/zipkin-go-opentracing v0.3.5 h1:82Tnq9OJpn+h5xgGpss5/mOv3KXdjtkdorFSOUusjM8=
github.com/openzipkin-contrib/zipkin-go-opentracing v0.3.5/go.mod h1:uVHyebswE1cCXr2A73cRM2frx5ld1RJUCJkFNZ90ZiI=
github.com/pmezard/go-difflib v1.0.0 h1:4DBwDE0NGyQoBHbLQYPwSUPoCMWR5BEzIk/f1lZbAQM=
github.com/pmezard/go-difflib v1.0.0/go.mod h1:iKH77koFhYxTK1pcRnkKkqfTogsbg7gZNVY4sRDYZ/4=
github.com/spf13/cast v1.2.0 h1:HHl1DSRbEQN2i8tJmtS6ViPyHx35+p51amrdsiTCrkg=
github.com/spf13/cast v1.2.0/go.mod h1:r2rcYCSwa1IExKTDiTfzaxqT2FNHs8hODu4LnUfgKEg=
github.com/stretchr/testify v1.2.2 h1:bSDNvY7ZPG5RlJ8otE/7V6gMiyenm9RtJ7IUVIAoJ1w=
github.com/stretchr/testify v1.2.2/go.mod h1:a8OnRcib4nhh0OaRAV+Yts87kKdq0PP7pXfy6kDkUVs=
golang.org/x/sys v0.0.0-20180824143301-4910a1d54f87 h1:GqwDwfvIpC33dK9bA1fD+JiDUNsuAiQiEkpHqUKze4o=
golang.org/x/sys v0.0.0-20180824143301-4910a1d54f87/go.mod h1:STP8DvDyc/dI5b8T5hshtkjS+E42TnysNCUPdjciGhY=
gopkg.in/check.v1 v0.0.0-20161208181325-20d25e280405 h1:yhCVgyC4o1eVCa2tZl7eS0r+SDo693bJlVdllGtEeKM=
gopkg.in/check.v1 v0.0.0-20161208181325-20d25e280405/go.mod h1:Co6ibVJAznAaIkqp8huTwlJQCZ016jof/cbN4VW5Yz0=
gopkg.in/validator.v2 v2.0.0-20180514200540-135c24b11c19 h1:WB265cn5OpO+hK3pikC9hpP1zI/KTwmyMFKloW9eOVc=
gopkg.in/validator.v2 v2.0.0-20180514200540-135c24b11c19/go.mod h1:o4V0GXN9/CAmCsvJ0oXYZvrZOe7syiDZSN1GWGZTGzc=
gopkg.in/yaml.v2 v2.2.1 h1:mUhvW9EsL+naU5Q3cakzfE91YhliOondGd6ZrsDBHQE=
gopkg.in/yaml.v2 v2.2.1/go.mod h1:hI93XBmqTisBFMUTm0b8Fm+jr3Dg1NNxqwp+5A1VGuI=
